
Microsoft Visual Studio Solution File, Format Version 12.00
# Visual Studio 15
VisualStudioVersion = 15.0.28307.1062
MinimumVisualStudioVersion = 10.0.40219.1
Project("{FAE04EC0-301F-11D3-BF4B-00C04F79EFBC}") = "FirstWebApp", "FirstWebApp\FirstWebApp.csproj", "{B3746328-8B9A-40AD-9158-BA236D049C97}"
EndProject
Global
	GlobalSection(SolutionConfigurationPlatforms) = preSolution
		Debug|Any CPU = Debug|Any CPU
		Release|Any CPU = Release|Any CPU
	EndGlobalSection
	GlobalSection(ProjectConfigurationPlatforms) = postSolution
		{B3746328-8B9A-40AD-9158-BA236D049C97}.Debug|Any CPU.ActiveCfg = Debug|Any CPU
		{B3746328-8B9A-40AD-9158-BA236D049C97}.Debug|Any CPU.Build.0 = Debug|Any CPU
		{B3746328-8B9A-40AD-9158-BA236D049C97}.Release|Any CPU.ActiveCfg = Release|Any CPU
		{B3746328-8B9A-40AD-9158-BA236D049C97}.Release|Any CPU.Build.0 = Release|Any CPU
	EndGlobalSection
	GlobalSection(SolutionProperties) = preSolution
		HideSolutionNode = FALSE
	EndGlobalSection
	GlobalSection(ExtensibilityGlobals) = postSolution
		SolutionGuid = {F64975ED-26AE-4BB3-B127-AE2025029131}
	EndGlobalSection
EndGlobal
